
Microsoft Visual Studio Solution File, Format Version 11.00
# Visual Studio 2010
Project("{FAE04EC0-301F-11D3-BF4B-00C04F79EFBC}") = "Assembly-CSharp", "Assembly-CSharp.csproj", "{e417af3d-1e75-7324-fda9-6cd7a44ad442}"
EndProject
Global
	GlobalSection(SolutionConfigurationPlatforms) = preSolution
		Debug|Any CPU = Debug|Any CPU
		Release|Any CPU = Release|Any CPU
	EndGlobalSection
	GlobalSection(ProjectConfigurationPlatforms) = postSolution
		{e417af3d-1e75-7324-fda9-6cd7a44ad442}.Debug|Any CPU.ActiveCfg = Debug|Any CPU
		{e417af3d-1e75-7324-fda9-6cd7a44ad442}.Debug|Any CPU.Build.0 = Debug|Any CPU
		{e417af3d-1e75-7324-fda9-6cd7a44ad442}.Release|Any CPU.ActiveCfg = Release|Any CPU
		{e417af3d-1e75-7324-fda9-6cd7a44ad442}.Release|Any CPU.Build.0 = Release|Any CPU
	EndGlobalSection
	GlobalSection(SolutionProperties) = preSolution
		HideSolutionNode = FALSE
	EndGlobalSection
EndGlobal
